# This file is generated by running "yarn install" inside your project.
# Manual changes might be lost - proceed with caution!

__metadata:
  version: 6

"advanced-static-types@workspace:.":
  version: 0.0.0-use.local
  resolution: "advanced-static-types@workspace:."
  languageName: unknown
  linkType: soft
